
Microsoft Visual Studio Solution File, Format Version 12.00
# Visual Studio Version 17
VisualStudioVersion = 17.3.32811.315
MinimumVisualStudioVersion = 10.0.40219.1
Project("{2150E333-8FDC-42A3-9474-1A3956D46DE8}") = "Solution Items", "Solution Items", "{3DA99C4E-89E3-4049-9C22-0A7EC60D83D8}"
EndProject
Project("{FAE04EC0-301F-11D3-BF4B-00C04F79EFBC}") = "JamesBrighton.Data.GrpcClient", "JamesBrighton.Data.GrpcClient\JamesBrighton.Data.GrpcClient.csproj", "{272B6CA3-1ABC-4685-80F2-5C24D744767D}"
EndProject
Project("{FAE04EC0-301F-11D3-BF4B-00C04F79EFBC}") = "JamesBrighton.Data.Common", "JamesBrighton.Data.Common\JamesBrighton.Data.Common.csproj", "{DCCF247D-473A-4D8F-9E38-184F6C5ADF1D}"
EndProject
Project("{FAE04EC0-301F-11D3-BF4B-00C04F79EFBC}") = "JamesBrighton.Data.GrpcServer", "JamesBrighton.Data.GrpcServer\JamesBrighton.Data.GrpcServer.csproj", "{6F61D605-736D-4BBA-AC01-5BD65ADAC5EF}"
EndProject
Project("{FAE04EC0-301F-11D3-BF4B-00C04F79EFBC}") = "JamesBrighton.Data.GrpcTest.ConsoleClient", "JamesBrighton.Data.GrpcTest.ConsoleClient\JamesBrighton.Data.GrpcTest.ConsoleClient.csproj", "{3FA4510C-56FD-4E61-8528-94358468109C}"
EndProject
Project("{FAE04EC0-301F-11D3-BF4B-00C04F79EFBC}") = "JamesBrighton.Data.GrpcTest.BrowserClient", "JamesBrighton.Data.GrpcTest.BrowserClient\JamesBrighton.Data.GrpcTest.BrowserClient.csproj", "{EA86443C-FC6B-40A6-A6FA-861F97E68A4A}"
EndProject
Project("{FAE04EC0-301F-11D3-BF4B-00C04F79EFBC}") = "JamesBrighton.Data.GrpcTest.AppClient", "JamesBrighton.Data.GrpcTest.AppClient\JamesBrighton.Data.GrpcTest.AppClient.csproj", "{02DA97DF-9765-494A-88CC-6A89C1EB63B7}"
EndProject
Project("{FAE04EC0-301F-11D3-BF4B-00C04F79EFBC}") = "JamesBrighton.Data.GrpcTest.SharedClient", "JamesBrighton.Data.GrpcTest.SharedClient\JamesBrighton.Data.GrpcTest.SharedClient.csproj", "{ED31399C-2F33-4F5A-A83F-4C4FD222EBB1}"
EndProject
Project("{FAE04EC0-301F-11D3-BF4B-00C04F79EFBC}") = "JamesBrighton.Data.UnitTests", "JamesBrighton.Data.UnitTests\JamesBrighton.Data.UnitTests.csproj", "{11D03653-BED6-452A-9109-516CFCBD8635}"
EndProject
Global
	GlobalSection(SolutionConfigurationPlatforms) = preSolution
		Debug|Any CPU = Debug|Any CPU
		Release|Any CPU = Release|Any CPU
	EndGlobalSection
	GlobalSection(ProjectConfigurationPlatforms) = postSolution
		{6F61D605-736D-4BBA-AC01-5BD65ADAC5EF}.Debug|Any CPU.ActiveCfg = Debug|Any CPU
		{6F61D605-736D-4BBA-AC01-5BD65ADAC5EF}.Debug|Any CPU.Build.0 = Debug|Any CPU
		{6F61D605-736D-4BBA-AC01-5BD65ADAC5EF}.Release|Any CPU.ActiveCfg = Release|Any CPU
		{6F61D605-736D-4BBA-AC01-5BD65ADAC5EF}.Release|Any CPU.Build.0 = Release|Any CPU
		{272B6CA3-1ABC-4685-80F2-5C24D744767D}.Debug|Any CPU.ActiveCfg = Debug|Any CPU
		{272B6CA3-1ABC-4685-80F2-5C24D744767D}.Debug|Any CPU.Build.0 = Debug|Any CPU
		{272B6CA3-1ABC-4685-80F2-5C24D744767D}.Release|Any CPU.ActiveCfg = Release|Any CPU
		{272B6CA3-1ABC-4685-80F2-5C24D744767D}.Release|Any CPU.Build.0 = Release|Any CPU
		{DCCF247D-473A-4D8F-9E38-184F6C5ADF1D}.Debug|Any CPU.ActiveCfg = Debug|Any CPU
		{DCCF247D-473A-4D8F-9E38-184F6C5ADF1D}.Debug|Any CPU.Build.0 = Debug|Any CPU
		{DCCF247D-473A-4D8F-9E38-184F6C5ADF1D}.Release|Any CPU.ActiveCfg = Release|Any CPU
		{DCCF247D-473A-4D8F-9E38-184F6C5ADF1D}.Release|Any CPU.Build.0 = Release|Any CPU
		{3FA4510C-56FD-4E61-8528-94358468109C}.Debug|Any CPU.ActiveCfg = Debug|Any CPU
		{3FA4510C-56FD-4E61-8528-94358468109C}.Debug|Any CPU.Build.0 = Debug|Any CPU
		{3FA4510C-56FD-4E61-8528-94358468109C}.Release|Any CPU.ActiveCfg = Release|Any CPU
		{3FA4510C-56FD-4E61-8528-94358468109C}.Release|Any CPU.Build.0 = Release|Any CPU
		{EA86443C-FC6B-40A6-A6FA-861F97E68A4A}.Debug|Any CPU.ActiveCfg = Debug|Any CPU
		{EA86443C-FC6B-40A6-A6FA-861F97E68A4A}.Debug|Any CPU.Build.0 = Debug|Any CPU
		{EA86443C-FC6B-40A6-A6FA-861F97E68A4A}.Release|Any CPU.ActiveCfg = Release|Any CPU
		{EA86443C-FC6B-40A6-A6FA-861F97E68A4A}.Release|Any CPU.Build.0 = Release|Any CPU
		{02DA97DF-9765-494A-88CC-6A89C1EB63B7}.Debug|Any CPU.ActiveCfg = Debug|Any CPU
		{02DA97DF-9765-494A-88CC-6A89C1EB63B7}.Debug|Any CPU.Build.0 = Debug|Any CPU
		{02DA97DF-9765-494A-88CC-6A89C1EB63B7}.Release|Any CPU.ActiveCfg = Release|Any CPU
		{02DA97DF-9765-494A-88CC-6A89C1EB63B7}.Release|Any CPU.Build.0 = Release|Any CPU
		{ED31399C-2F33-4F5A-A83F-4C4FD222EBB1}.Debug|Any CPU.ActiveCfg = Debug|Any CPU
		{ED31399C-2F33-4F5A-A83F-4C4FD222EBB1}.Debug|Any CPU.Build.0 = Debug|Any CPU
		{ED31399C-2F33-4F5A-A83F-4C4FD222EBB1}.Release|Any CPU.ActiveCfg = Release|Any CPU
		{ED31399C-2F33-4F5A-A83F-4C4FD222EBB1}.Release|Any CPU.Build.0 = Release|Any CPU
		{11D03653-BED6-452A-9109-516CFCBD8635}.Debug|Any CPU.ActiveCfg = Debug|Any CPU
		{11D03653-BED6-452A-9109-516CFCBD8635}.Debug|Any CPU.Build.0 = Debug|Any CPU
		{11D03653-BED6-452A-9109-516CFCBD8635}.Release|Any CPU.ActiveCfg = Release|Any CPU
		{11D03653-BED6-452A-9109-516CFCBD8635}.Release|Any CPU.Build.0 = Release|Any CPU
	EndGlobalSection
	GlobalSection(SolutionProperties) = preSolution
		HideSolutionNode = FALSE
	EndGlobalSection
	GlobalSection(ExtensibilityGlobals) = postSolution
		SolutionGuid = {83CB65B8-011F-4ED7-BCD3-A6CFA935EF7E}
	EndGlobalSection
EndGlobal
