
Microsoft Visual Studio Solution File, Format Version 12.00
Project("{FAE04EC0-301F-11D3-BF4B-00C04F79EFBC}") = "JamesBrighton.Data.Common", "JamesBrighton.Data.Common\JamesBrighton.Data.Common.csproj", "{219985A5-3C2B-4953-82F7-B10CC9959D24}"
EndProject
Project("{FAE04EC0-301F-11D3-BF4B-00C04F79EFBC}") = "JamesBrighton.Data.GrpcClient", "JamesBrighton.Data.GrpcClient\JamesBrighton.Data.GrpcClient.csproj", "{B39E7129-4DD1-4D12-B763-BB359B384B62}"
EndProject
Project("{FAE04EC0-301F-11D3-BF4B-00C04F79EFBC}") = "JamesBrighton.Data.GrpcServer", "JamesBrighton.Data.GrpcServer\JamesBrighton.Data.GrpcServer.csproj", "{5F34619D-7D1E-4CAD-8170-8787A9DB3974}"
EndProject
Project("{FAE04EC0-301F-11D3-BF4B-00C04F79EFBC}") = "JamesBrighton.Data.GrpcTest.AppClient", "JamesBrighton.Data.GrpcTest.AppClient\JamesBrighton.Data.GrpcTest.AppClient.csproj", "{A2CB939A-3D7F-4A0A-8692-1DC1B574605E}"
EndProject
Project("{FAE04EC0-301F-11D3-BF4B-00C04F79EFBC}") = "JamesBrighton.Data.GrpcTest.BrowserClient", "JamesBrighton.Data.GrpcTest.BrowserClient\JamesBrighton.Data.GrpcTest.BrowserClient.csproj", "{1C757FFB-7301-4929-9C8A-A38881566754}"
EndProject
Project("{FAE04EC0-301F-11D3-BF4B-00C04F79EFBC}") = "JamesBrighton.Data.GrpcTest.ConsoleClient", "JamesBrighton.Data.GrpcTest.ConsoleClient\JamesBrighton.Data.GrpcTest.ConsoleClient.csproj", "{A5996286-BE9E-4862-BDF6-FB90C9939B97}"
EndProject
Project("{FAE04EC0-301F-11D3-BF4B-00C04F79EFBC}") = "JamesBrighton.Data.GrpcTest.SharedClient", "JamesBrighton.Data.GrpcTest.SharedClient\JamesBrighton.Data.GrpcTest.SharedClient.csproj", "{314FEACA-E168-4D4F-B642-BB58DB32A4A6}"
EndProject
Project("{FAE04EC0-301F-11D3-BF4B-00C04F79EFBC}") = "JamesBrighton.Data.UnitTests", "JamesBrighton.Data.UnitTests\JamesBrighton.Data.UnitTests.csproj", "{ED3426AF-13A3-45E3-A1CC-024141547DB4}"
EndProject
Global
	GlobalSection(SolutionConfigurationPlatforms) = preSolution
		Debug|Any CPU = Debug|Any CPU
		Release|Any CPU = Release|Any CPU
	EndGlobalSection
	GlobalSection(ProjectConfigurationPlatforms) = postSolution
		{219985A5-3C2B-4953-82F7-B10CC9959D24}.Debug|Any CPU.ActiveCfg = Debug|Any CPU
		{219985A5-3C2B-4953-82F7-B10CC9959D24}.Debug|Any CPU.Build.0 = Debug|Any CPU
		{219985A5-3C2B-4953-82F7-B10CC9959D24}.Release|Any CPU.ActiveCfg = Release|Any CPU
		{219985A5-3C2B-4953-82F7-B10CC9959D24}.Release|Any CPU.Build.0 = Release|Any CPU
		{B39E7129-4DD1-4D12-B763-BB359B384B62}.Debug|Any CPU.ActiveCfg = Debug|Any CPU
		{B39E7129-4DD1-4D12-B763-BB359B384B62}.Debug|Any CPU.Build.0 = Debug|Any CPU
		{B39E7129-4DD1-4D12-B763-BB359B384B62}.Release|Any CPU.ActiveCfg = Release|Any CPU
		{B39E7129-4DD1-4D12-B763-BB359B384B62}.Release|Any CPU.Build.0 = Release|Any CPU
		{5F34619D-7D1E-4CAD-8170-8787A9DB3974}.Debug|Any CPU.ActiveCfg = Debug|Any CPU
		{5F34619D-7D1E-4CAD-8170-8787A9DB3974}.Debug|Any CPU.Build.0 = Debug|Any CPU
		{5F34619D-7D1E-4CAD-8170-8787A9DB3974}.Release|Any CPU.ActiveCfg = Release|Any CPU
		{5F34619D-7D1E-4CAD-8170-8787A9DB3974}.Release|Any CPU.Build.0 = Release|Any CPU
		{A2CB939A-3D7F-4A0A-8692-1DC1B574605E}.Debug|Any CPU.ActiveCfg = Debug|Any CPU
		{A2CB939A-3D7F-4A0A-8692-1DC1B574605E}.Debug|Any CPU.Build.0 = Debug|Any CPU
		{A2CB939A-3D7F-4A0A-8692-1DC1B574605E}.Release|Any CPU.ActiveCfg = Release|Any CPU
		{A2CB939A-3D7F-4A0A-8692-1DC1B574605E}.Release|Any CPU.Build.0 = Release|Any CPU
		{1C757FFB-7301-4929-9C8A-A38881566754}.Debug|Any CPU.ActiveCfg = Debug|Any CPU
		{1C757FFB-7301-4929-9C8A-A38881566754}.Debug|Any CPU.Build.0 = Debug|Any CPU
		{1C757FFB-7301-4929-9C8A-A38881566754}.Release|Any CPU.ActiveCfg = Release|Any CPU
		{1C757FFB-7301-4929-9C8A-A38881566754}.Release|Any CPU.Build.0 = Release|Any CPU
		{A5996286-BE9E-4862-BDF6-FB90C9939B97}.Debug|Any CPU.ActiveCfg = Debug|Any CPU
		{A5996286-BE9E-4862-BDF6-FB90C9939B97}.Debug|Any CPU.Build.0 = Debug|Any CPU
		{A5996286-BE9E-4862-BDF6-FB90C9939B97}.Release|Any CPU.ActiveCfg = Release|Any CPU
		{A5996286-BE9E-4862-BDF6-FB90C9939B97}.Release|Any CPU.Build.0 = Release|Any CPU
		{314FEACA-E168-4D4F-B642-BB58DB32A4A6}.Debug|Any CPU.ActiveCfg = Debug|Any CPU
		{314FEACA-E168-4D4F-B642-BB58DB32A4A6}.Debug|Any CPU.Build.0 = Debug|Any CPU
		{314FEACA-E168-4D4F-B642-BB58DB32A4A6}.Release|Any CPU.ActiveCfg = Release|Any CPU
		{314FEACA-E168-4D4F-B642-BB58DB32A4A6}.Release|Any CPU.Build.0 = Release|Any CPU
		{ED3426AF-13A3-45E3-A1CC-024141547DB4}.Debug|Any CPU.ActiveCfg = Debug|Any CPU
		{ED3426AF-13A3-45E3-A1CC-024141547DB4}.Debug|Any CPU.Build.0 = Debug|Any CPU
		{ED3426AF-13A3-45E3-A1CC-024141547DB4}.Release|Any CPU.ActiveCfg = Release|Any CPU
		{ED3426AF-13A3-45E3-A1CC-024141547DB4}.Release|Any CPU.Build.0 = Release|Any CPU
	EndGlobalSection
EndGlobal
